
Microsoft Visual Studio Solution File, Format Version 12.00
# Visual Studio Version 16
VisualStudioVersion = 16.0.31515.178
MinimumVisualStudioVersion = 10.0.40219.1
Project("{FAE04EC0-301F-11D3-BF4B-00C04F79EFBC}") = "RetroLogger3000", "RetroLogger3000\RetroLogger3000.csproj", "{13CABDE5-1DDC-4ADF-9EDF-54288A2145BB}"
EndProject
Project("{FAE04EC0-301F-11D3-BF4B-00C04F79EFBC}") = "BaseLibrary", "BaseLibrary\BaseLibrary.csproj", "{9C155C42-9E8A-499B-88E6-8798F5FEA49F}"
EndProject
Project("{FAE04EC0-301F-11D3-BF4B-00C04F79EFBC}") = "DAL_RetroLogger3000", "RetroLogger3000_DAL\DAL_RetroLogger3000.csproj", "{925BD14F-7497-4827-A81D-925A814DC66F}"
EndProject
Global
	GlobalSection(SolutionConfigurationPlatforms) = preSolution
		Debug|Any CPU = Debug|Any CPU
		Release|Any CPU = Release|Any CPU
	EndGlobalSection
	GlobalSection(ProjectConfigurationPlatforms) = postSolution
		{13CABDE5-1DDC-4ADF-9EDF-54288A2145BB}.Debug|Any CPU.ActiveCfg = Debug|Any CPU
		{13CABDE5-1DDC-4ADF-9EDF-54288A2145BB}.Debug|Any CPU.Build.0 = Debug|Any CPU
		{13CABDE5-1DDC-4ADF-9EDF-54288A2145BB}.Release|Any CPU.ActiveCfg = Release|Any CPU
		{13CABDE5-1DDC-4ADF-9EDF-54288A2145BB}.Release|Any CPU.Build.0 = Release|Any CPU
		{9C155C42-9E8A-499B-88E6-8798F5FEA49F}.Debug|Any CPU.ActiveCfg = Debug|Any CPU
		{9C155C42-9E8A-499B-88E6-8798F5FEA49F}.Debug|Any CPU.Build.0 = Debug|Any CPU
		{9C155C42-9E8A-499B-88E6-8798F5FEA49F}.Release|Any CPU.ActiveCfg = Release|Any CPU
		{9C155C42-9E8A-499B-88E6-8798F5FEA49F}.Release|Any CPU.Build.0 = Release|Any CPU
		{925BD14F-7497-4827-A81D-925A814DC66F}.Debug|Any CPU.ActiveCfg = Debug|Any CPU
		{925BD14F-7497-4827-A81D-925A814DC66F}.Debug|Any CPU.Build.0 = Debug|Any CPU
		{925BD14F-7497-4827-A81D-925A814DC66F}.Release|Any CPU.ActiveCfg = Release|Any CPU
		{925BD14F-7497-4827-A81D-925A814DC66F}.Release|Any CPU.Build.0 = Release|Any CPU
	EndGlobalSection
	GlobalSection(SolutionProperties) = preSolution
		HideSolutionNode = FALSE
	EndGlobalSection
	GlobalSection(ExtensibilityGlobals) = postSolution
		SolutionGuid = {8162BEFD-F25F-4436-B315-9ADEB2303447}
	EndGlobalSection
EndGlobal
